// !$*UTF8*$!
{
	archiveVersion = 1;
	classes = {
	};
	objectVersion = 77;
	objects = {

/* Begin PBXBuildFile section */
		C62C76882E4BDD4400D55554 /* ProductDetailView.swift in Sources */ = {isa = PBXBuildFile; fileRef = C62C76872E4BDD4400D55554 /* ProductDetailView.swift */; };
		C62C768A2E4E221700D55554 /* ProductImageWithActions.swift in Sources */ = {isa = PBXBuildFile; fileRef = C62C76892E4E221700D55554 /* ProductImageWithActions.swift */; };
		C62C768E2E4E2C7900D55554 /* ProductImage.swift in Sources */ = {isa = PBXBuildFile; fileRef = C62C768D2E4E2C7900D55554 /* ProductImage.swift */; };
		C62C76902E4E2DAB00D55554 /* NavigableProductImage.swift in Sources */ = {isa = PBXBuildFile; fileRef = C62C768F2E4E2DAB00D55554 /* NavigableProductImage.swift */; };
		C62C76942E4E33EE00D55554 /* ShareButton.swift in Sources */ = {isa = PBXBuildFile; fileRef = C62C76932E4E33EE00D55554 /* ShareButton.swift */; };
		C640BD342E4688B900128701 /* HangerAnimation.swift in Sources */ = {isa = PBXBuildFile; fileRef = C640BD332E4688B900128701 /* HangerAnimation.swift */; };
		C640BDDB2E46949D00128701 /* ProductViewModel.swift in Sources */ = {isa = PBXBuildFile; fileRef = C640BDDA2E46949D00128701 /* ProductViewModel.swift */; };
		C640BF622E47E72B00128701 /* ResponsiveSizes.swift in Sources */ = {isa = PBXBuildFile; fileRef = C640BF612E47E72B00128701 /* ResponsiveSizes.swift */; };
		C64CBE6E2E58C8C300FA3CA9 /* DeviceEnvironment.swift in Sources */ = {isa = PBXBuildFile; fileRef = C64CBE6D2E58C8C300FA3CA9 /* DeviceEnvironment.swift */; };
		C64CBEE62E59614500FA3CA9 /* ProductList.swift in Sources */ = {isa = PBXBuildFile; fileRef = C64CBEE52E59614500FA3CA9 /* ProductList.swift */; };
		C665580C2E51069900AA8324 /* ProductRating.swift in Sources */ = {isa = PBXBuildFile; fileRef = C665580B2E51069900AA8324 /* ProductRating.swift */; };
		C67174ED2E53903D009F987A /* RatingStars.swift in Sources */ = {isa = PBXBuildFile; fileRef = C67174EC2E53903D009F987A /* RatingStars.swift */; };
		C67174EF2E5390C3009F987A /* ReviewText.swift in Sources */ = {isa = PBXBuildFile; fileRef = C67174EE2E5390C3009F987A /* ReviewText.swift */; };
		C6ACAA322E5AAE72008B6C63 /* ResponsiveSizesTests.swift in Sources */ = {isa = PBXBuildFile; fileRef = C6ACAA312E5AAE72008B6C63 /* ResponsiveSizesTests.swift */; };
		C6ACAA342E5AAE87008B6C63 /* ProductViewModelTests.swift in Sources */ = {isa = PBXBuildFile; fileRef = C6ACAA332E5AAE87008B6C63 /* ProductViewModelTests.swift */; };
		C6ACAA362E5AAE8F008B6C63 /* HomeViewModelTests.swift in Sources */ = {isa = PBXBuildFile; fileRef = C6ACAA352E5AAE8F008B6C63 /* HomeViewModelTests.swift */; };
		C6ACAA382E5AAE97008B6C63 /* ProductDecodingTests.swift in Sources */ = {isa = PBXBuildFile; fileRef = C6ACAA372E5AAE97008B6C63 /* ProductDecodingTests.swift */; };
		C6CCB9762E3F83C100AC10A2 /* DeviceEnvironmentTests.swift in Sources */ = {isa = PBXBuildFile; fileRef = C6CCB9742E3F83C100AC10A2 /* DeviceEnvironmentTests.swift */; };
		C6CCB97A2E3F83C300AC10A2 /* JoiefullUITests.swift in Sources */ = {isa = PBXBuildFile; fileRef = C6CCB9772E3F83C300AC10A2 /* JoiefullUITests.swift */; };
		C6CCB97B2E3F83C300AC10A2 /* JoiefullUITestsLaunchTests.swift in Sources */ = {isa = PBXBuildFile; fileRef = C6CCB9782E3F83C300AC10A2 /* JoiefullUITestsLaunchTests.swift */; };
		C6CCB9812E3F83C500AC10A2 /* Assets.xcassets in Resources */ = {isa = PBXBuildFile; fileRef = C6CCB97C2E3F83C500AC10A2 /* Assets.xcassets */; };
		C6CCB9822E3F83C500AC10A2 /* HomeView.swift in Sources */ = {isa = PBXBuildFile; fileRef = C6CCB97D2E3F83C500AC10A2 /* HomeView.swift */; };
		C6CCB9832E3F83C500AC10A2 /* JoiefullApp.swift in Sources */ = {isa = PBXBuildFile; fileRef = C6CCB97F2E3F83C500AC10A2 /* JoiefullApp.swift */; };
		C6CCB9892E3F8BBE00AC10A2 /* LaunchScreen.storyboard in Resources */ = {isa = PBXBuildFile; fileRef = C6CCB9882E3F8BBE00AC10A2 /* LaunchScreen.storyboard */; };
		C6CCB98B2E3FA27F00AC10A2 /* Product.swift in Sources */ = {isa = PBXBuildFile; fileRef = C6CCB98A2E3FA27F00AC10A2 /* Product.swift */; };
		C6CCB98E2E3FA33900AC10A2 /* ProductService.swift in Sources */ = {isa = PBXBuildFile; fileRef = C6CCB98D2E3FA33900AC10A2 /* ProductService.swift */; };
		C6CCB9912E3FA3E300AC10A2 /* HomeViewModel.swift in Sources */ = {isa = PBXBuildFile; fileRef = C6CCB9902E3FA3E300AC10A2 /* HomeViewModel.swift */; };
		C6CCB9942E3FA6CD00AC10A2 /* ProductItem.swift in Sources */ = {isa = PBXBuildFile; fileRef = C6CCB9932E3FA6CD00AC10A2 /* ProductItem.swift */; };
		C6CCB9962E3FA71700AC10A2 /* ProductRow.swift in Sources */ = {isa = PBXBuildFile; fileRef = C6CCB9952E3FA71700AC10A2 /* ProductRow.swift */; };
		C6CCB9982E3FAF8100AC10A2 /* ProductInfo.swift in Sources */ = {isa = PBXBuildFile; fileRef = C6CCB9972E3FAF8100AC10A2 /* ProductInfo.swift */; };
		C6CCB99A2E3FB1C000AC10A2 /* LikeButton.swift in Sources */ = {isa = PBXBuildFile; fileRef = C6CCB9992E3FB1C000AC10A2 /* LikeButton.swift */; };
		C6CCB99C2E3FB2AD00AC10A2 /* ProductPreview.swift in Sources */ = {isa = PBXBuildFile; fileRef = C6CCB99B2E3FB2AD00AC10A2 /* ProductPreview.swift */; };
/* End PBXBuildFile section */

/* Begin PBXContainerItemProxy section */
		C6CCB9582E3F83B800AC10A2 /* PBXContainerItemProxy */ = {
			isa = PBXContainerItemProxy;
			containerPortal = C6CCB9412E3F83B700AC10A2 /* Project object */;
			proxyType = 1;
			remoteGlobalIDString = C6CCB9482E3F83B700AC10A2;
			remoteInfo = Joiefull;
		};
		C6CCB9622E3F83B800AC10A2 /* PBXContainerItemProxy */ = {
			isa = PBXContainerItemProxy;
			containerPortal = C6CCB9412E3F83B700AC10A2 /* Project object */;
			proxyType = 1;
			remoteGlobalIDString = C6CCB9482E3F83B700AC10A2;
			remoteInfo = Joiefull;
		};
/* End PBXContainerItemProxy section */

/* Begin PBXFileReference section */
		C62C76872E4BDD4400D55554 /* ProductDetailView.swift */ = {isa = PBXFileReference; lastKnownFileType = sourcecode.swift; path = ProductDetailView.swift; sourceTree = "<group>"; };
		C62C76892E4E221700D55554 /* ProductImageWithActions.swift */ = {isa = PBXFileReference; lastKnownFileType = sourcecode.swift; path = ProductImageWithActions.swift; sourceTree = "<group>"; };
		C62C768D2E4E2C7900D55554 /* ProductImage.swift */ = {isa = PBXFileReference; lastKnownFileType = sourcecode.swift; path = ProductImage.swift; sourceTree = "<group>"; };
		C62C768F2E4E2DAB00D55554 /* NavigableProductImage.swift */ = {isa = PBXFileReference; lastKnownFileType = sourcecode.swift; path = NavigableProductImage.swift; sourceTree = "<group>"; };
		C62C76932E4E33EE00D55554 /* ShareButton.swift */ = {isa = PBXFileReference; lastKnownFileType = sourcecode.swift; path = ShareButton.swift; sourceTree = "<group>"; };
		C640BD332E4688B900128701 /* HangerAnimation.swift */ = {isa = PBXFileReference; lastKnownFileType = sourcecode.swift; path = HangerAnimation.swift; sourceTree = "<group>"; };
		C640BDDA2E46949D00128701 /* ProductViewModel.swift */ = {isa = PBXFileReference; lastKnownFileType = sourcecode.swift; path = ProductViewModel.swift; sourceTree = "<group>"; };
		C640BF612E47E72B00128701 /* ResponsiveSizes.swift */ = {isa = PBXFileReference; lastKnownFileType = sourcecode.swift; path = ResponsiveSizes.swift; sourceTree = "<group>"; };
		C64CBE6D2E58C8C300FA3CA9 /* DeviceEnvironment.swift */ = {isa = PBXFileReference; lastKnownFileType = sourcecode.swift; path = DeviceEnvironment.swift; sourceTree = "<group>"; };
		C64CBEE52E59614500FA3CA9 /* ProductList.swift */ = {isa = PBXFileReference; lastKnownFileType = sourcecode.swift; path = ProductList.swift; sourceTree = "<group>"; };
		C665580B2E51069900AA8324 /* ProductRating.swift */ = {isa = PBXFileReference; lastKnownFileType = sourcecode.swift; path = ProductRating.swift; sourceTree = "<group>"; };
		C67174EC2E53903D009F987A /* RatingStars.swift */ = {isa = PBXFileReference; lastKnownFileType = sourcecode.swift; path = RatingStars.swift; sourceTree = "<group>"; };
		C67174EE2E5390C3009F987A /* ReviewText.swift */ = {isa = PBXFileReference; lastKnownFileType = sourcecode.swift; path = ReviewText.swift; sourceTree = "<group>"; };
		C6A34C572E7DB838006AD047 /* Info.plist */ = {isa = PBXFileReference; lastKnownFileType = text.plist; path = Info.plist; sourceTree = "<group>"; };
		C6ACAA312E5AAE72008B6C63 /* ResponsiveSizesTests.swift */ = {isa = PBXFileReference; lastKnownFileType = sourcecode.swift; path = ResponsiveSizesTests.swift; sourceTree = "<group>"; };
		C6ACAA332E5AAE87008B6C63 /* ProductViewModelTests.swift */ = {isa = PBXFileReference; lastKnownFileType = sourcecode.swift; path = ProductViewModelTests.swift; sourceTree = "<group>"; };
		C6ACAA352E5AAE8F008B6C63 /* HomeViewModelTests.swift */ = {isa = PBXFileReference; lastKnownFileType = sourcecode.swift; path = HomeViewModelTests.swift; sourceTree = "<group>"; };
		C6ACAA372E5AAE97008B6C63 /* ProductDecodingTests.swift */ = {isa = PBXFileReference; lastKnownFileType = sourcecode.swift; path = ProductDecodingTests.swift; sourceTree = "<group>"; };
		C6CCB9492E3F83B700AC10A2 /* Joiefull.app */ = {isa = PBXFileReference; explicitFileType = wrapper.application; includeInIndex = 0; path = Joiefull.app; sourceTree = BUILT_PRODUCTS_DIR; };
		C6CCB9572E3F83B800AC10A2 /* JoiefullTests.xctest */ = {isa = PBXFileReference; explicitFileType = wrapper.cfbundle; includeInIndex = 0; path = JoiefullTests.xctest; sourceTree = BUILT_PRODUCTS_DIR; };
		C6CCB9612E3F83B800AC10A2 /* JoiefullUITests.xctest */ = {isa = PBXFileReference; explicitFileType = wrapper.cfbundle; includeInIndex = 0; path = JoiefullUITests.xctest; sourceTree = BUILT_PRODUCTS_DIR; };
		C6CCB9742E3F83C100AC10A2 /* DeviceEnvironmentTests.swift */ = {isa = PBXFileReference; lastKnownFileType = sourcecode.swift; path = DeviceEnvironmentTests.swift; sourceTree = "<group>"; };
		C6CCB9772E3F83C300AC10A2 /* JoiefullUITests.swift */ = {isa = PBXFileReference; lastKnownFileType = sourcecode.swift; path = JoiefullUITests.swift; sourceTree = "<group>"; };
		C6CCB9782E3F83C300AC10A2 /* JoiefullUITestsLaunchTests.swift */ = {isa = PBXFileReference; lastKnownFileType = sourcecode.swift; path = JoiefullUITestsLaunchTests.swift; sourceTree = "<group>"; };
		C6CCB97C2E3F83C500AC10A2 /* Assets.xcassets */ = {isa = PBXFileReference; lastKnownFileType = folder.assetcatalog; path = Assets.xcassets; sourceTree = "<group>"; };
		C6CCB97D2E3F83C500AC10A2 /* HomeView.swift */ = {isa = PBXFileReference; lastKnownFileType = sourcecode.swift; path = HomeView.swift; sourceTree = "<group>"; };
		C6CCB97F2E3F83C500AC10A2 /* JoiefullApp.swift */ = {isa = PBXFileReference; lastKnownFileType = sourcecode.swift; path = JoiefullApp.swift; sourceTree = "<group>"; };
		C6CCB9882E3F8BBE00AC10A2 /* LaunchScreen.storyboard */ = {isa = PBXFileReference; lastKnownFileType = file.storyboard; path = LaunchScreen.storyboard; sourceTree = "<group>"; };
		C6CCB98A2E3FA27F00AC10A2 /* Product.swift */ = {isa = PBXFileReference; lastKnownFileType = sourcecode.swift; path = Product.swift; sourceTree = "<group>"; };
		C6CCB98D2E3FA33900AC10A2 /* ProductService.swift */ = {isa = PBXFileReference; lastKnownFileType = sourcecode.swift; path = ProductService.swift; sourceTree = "<group>"; };
		C6CCB9902E3FA3E300AC10A2 /* HomeViewModel.swift */ = {isa = PBXFileReference; lastKnownFileType = sourcecode.swift; path = HomeViewModel.swift; sourceTree = "<group>"; };
		C6CCB9932E3FA6CD00AC10A2 /* ProductItem.swift */ = {isa = PBXFileReference; lastKnownFileType = sourcecode.swift; path = ProductItem.swift; sourceTree = "<group>"; };
		C6CCB9952E3FA71700AC10A2 /* ProductRow.swift */ = {isa = PBXFileReference; lastKnownFileType = sourcecode.swift; path = ProductRow.swift; sourceTree = "<group>"; };
		C6CCB9972E3FAF8100AC10A2 /* ProductInfo.swift */ = {isa = PBXFileReference; lastKnownFileType = sourcecode.swift; path = ProductInfo.swift; sourceTree = "<group>"; };
		C6CCB9992E3FB1C000AC10A2 /* LikeButton.swift */ = {isa = PBXFileReference; lastKnownFileType = sourcecode.swift; path = LikeButton.swift; sourceTree = "<group>"; };
		C6CCB99B2E3FB2AD00AC10A2 /* ProductPreview.swift */ = {isa = PBXFileReference; lastKnownFileType = sourcecode.swift; path = ProductPreview.swift; sourceTree = "<group>"; };
/* End PBXFileReference section */

/* Begin PBXFrameworksBuildPhase section */
		C6CCB9462E3F83B700AC10A2 /* Frameworks */ = {
			isa = PBXFrameworksBuildPhase;
			buildActionMask = 2147483647;
			files = (
			);
			runOnlyForDeploymentPostprocessing = 0;
		};
		C6CCB9542E3F83B800AC10A2 /* Frameworks */ = {
			isa = PBXFrameworksBuildPhase;
			buildActionMask = 2147483647;
			files = (
			);
			runOnlyForDeploymentPostprocessing = 0;
		};
		C6CCB95E2E3F83B800AC10A2 /* Frameworks */ = {
			isa = PBXFrameworksBuildPhase;
			buildActionMask = 2147483647;
			files = (
			);
			runOnlyForDeploymentPostprocessing = 0;
		};
/* End PBXFrameworksBuildPhase section */

/* Begin PBXGroup section */
		C62C76912E4E321600D55554 /* Common */ = {
			isa = PBXGroup;
			children = (
				C640BD332E4688B900128701 /* HangerAnimation.swift */,
			);
			path = Common;
			sourceTree = "<group>";
		};
		C62C76922E4E32D200D55554 /* Product */ = {
			isa = PBXGroup;
			children = (
				C64CBEE52E59614500FA3CA9 /* ProductList.swift */,
				C6CCB9952E3FA71700AC10A2 /* ProductRow.swift */,
				C6CCB9932E3FA6CD00AC10A2 /* ProductItem.swift */,
				C6CCB9972E3FAF8100AC10A2 /* ProductInfo.swift */,
				C64CBEE72E59646E00FA3CA9 /* ProductImage */,
				C67174F02E5390D5009F987A /* ProductRating */,
				C64CBEE82E59651100FA3CA9 /* ProductActions */,
			);
			path = Product;
			sourceTree = "<group>";
		};
		C640BF602E47E70B00128701 /* Utils */ = {
			isa = PBXGroup;
			children = (
				C640BF612E47E72B00128701 /* ResponsiveSizes.swift */,
				C6CCB99B2E3FB2AD00AC10A2 /* ProductPreview.swift */,
				C64CBE6D2E58C8C300FA3CA9 /* DeviceEnvironment.swift */,
			);
			path = Utils;
			sourceTree = "<group>";
		};
		C64CBEE72E59646E00FA3CA9 /* ProductImage */ = {
			isa = PBXGroup;
			children = (
				C62C76892E4E221700D55554 /* ProductImageWithActions.swift */,
				C62C768F2E4E2DAB00D55554 /* NavigableProductImage.swift */,
				C62C768D2E4E2C7900D55554 /* ProductImage.swift */,
			);
			path = ProductImage;
			sourceTree = "<group>";
		};
		C64CBEE82E59651100FA3CA9 /* ProductActions */ = {
			isa = PBXGroup;
			children = (
				C62C76932E4E33EE00D55554 /* ShareButton.swift */,
				C6CCB9992E3FB1C000AC10A2 /* LikeButton.swift */,
			);
			path = ProductActions;
			sourceTree = "<group>";
		};
		C67174F02E5390D5009F987A /* ProductRating */ = {
			isa = PBXGroup;
			children = (
				C67174EC2E53903D009F987A /* RatingStars.swift */,
				C665580B2E51069900AA8324 /* ProductRating.swift */,
				C67174EE2E5390C3009F987A /* ReviewText.swift */,
			);
			path = ProductRating;
			sourceTree = "<group>";
		};
		C6CCB9402E3F83B700AC10A2 = {
			isa = PBXGroup;
			children = (
				C6CCB9802E3F83C500AC10A2 /* Joiefull */,
				C6CCB9752E3F83C100AC10A2 /* JoiefullTests */,
				C6CCB9792E3F83C300AC10A2 /* JoiefullUITests */,
				C6CCB94A2E3F83B700AC10A2 /* Products */,
			);
			sourceTree = "<group>";
		};
		C6CCB94A2E3F83B700AC10A2 /* Products */ = {
			isa = PBXGroup;
			children = (
				C6CCB9492E3F83B700AC10A2 /* Joiefull.app */,
				C6CCB9572E3F83B800AC10A2 /* JoiefullTests.xctest */,
				C6CCB9612E3F83B800AC10A2 /* JoiefullUITests.xctest */,
			);
			name = Products;
			sourceTree = "<group>";
		};
		C6CCB9752E3F83C100AC10A2 /* JoiefullTests */ = {
			isa = PBXGroup;
			children = (
				C6CCB9742E3F83C100AC10A2 /* DeviceEnvironmentTests.swift */,
				C6ACAA312E5AAE72008B6C63 /* ResponsiveSizesTests.swift */,
				C6ACAA332E5AAE87008B6C63 /* ProductViewModelTests.swift */,
				C6ACAA352E5AAE8F008B6C63 /* HomeViewModelTests.swift */,
				C6ACAA372E5AAE97008B6C63 /* ProductDecodingTests.swift */,
			);
			path = JoiefullTests;
			sourceTree = "<group>";
		};
		C6CCB9792E3F83C300AC10A2 /* JoiefullUITests */ = {
			isa = PBXGroup;
			children = (
				C6CCB9772E3F83C300AC10A2 /* JoiefullUITests.swift */,
				C6CCB9782E3F83C300AC10A2 /* JoiefullUITestsLaunchTests.swift */,
			);
			path = JoiefullUITests;
			sourceTree = "<group>";
		};
		C6CCB9802E3F83C500AC10A2 /* Joiefull */ = {
			isa = PBXGroup;
			children = (
				C6A34C572E7DB838006AD047 /* Info.plist */,
				C6CCB98F2E3FA35800AC10A2 /* Services */,
				C6CCB98C2E3FA28600AC10A2 /* Models */,
				C6CCB9842E3F862700AC10A2 /* Views */,
				C6CCB9852E3F862D00AC10A2 /* ViewModels */,
				C640BF602E47E70B00128701 /* Utils */,
				C6CCB9862E3F868B00AC10A2 /* App */,
				C6CCB9872E3F869B00AC10A2 /* Resources */,
			);
			path = Joiefull;
			sourceTree = "<group>";
		};
		C6CCB9842E3F862700AC10A2 /* Views */ = {
			isa = PBXGroup;
			children = (
				C6CCB97D2E3F83C500AC10A2 /* HomeView.swift */,
				C62C76872E4BDD4400D55554 /* ProductDetailView.swift */,
				C6CCB9922E3FA41C00AC10A2 /* Components */,
			);
			path = Views;
			sourceTree = "<group>";
		};
		C6CCB9852E3F862D00AC10A2 /* ViewModels */ = {
			isa = PBXGroup;
			children = (
				C6CCB9902E3FA3E300AC10A2 /* HomeViewModel.swift */,
				C640BDDA2E46949D00128701 /* ProductViewModel.swift */,
			);
			path = ViewModels;
			sourceTree = "<group>";
		};
		C6CCB9862E3F868B00AC10A2 /* App */ = {
			isa = PBXGroup;
			children = (
				C6CCB97F2E3F83C500AC10A2 /* JoiefullApp.swift */,
				C6CCB9882E3F8BBE00AC10A2 /* LaunchScreen.storyboard */,
			);
			path = App;
			sourceTree = "<group>";
		};
		C6CCB9872E3F869B00AC10A2 /* Resources */ = {
			isa = PBXGroup;
			children = (
				C6CCB97C2E3F83C500AC10A2 /* Assets.xcassets */,
			);
			path = Resources;
			sourceTree = "<group>";
		};
		C6CCB98C2E3FA28600AC10A2 /* Models */ = {
			isa = PBXGroup;
			children = (
				C6CCB98A2E3FA27F00AC10A2 /* Product.swift */,
			);
			path = Models;
			sourceTree = "<group>";
		};
		C6CCB98F2E3FA35800AC10A2 /* Services */ = {
			isa = PBXGroup;
			children = (
				C6CCB98D2E3FA33900AC10A2 /* ProductService.swift */,
			);
			path = Services;
			sourceTree = "<group>";
		};
		C6CCB9922E3FA41C00AC10A2 /* Components */ = {
			isa = PBXGroup;
			children = (
				C62C76922E4E32D200D55554 /* Product */,
				C62C76912E4E321600D55554 /* Common */,
			);
			path = Components;
			sourceTree = "<group>";
		};
/* End PBXGroup section */

/* Begin PBXNativeTarget section */
		C6CCB9482E3F83B700AC10A2 /* Joiefull */ = {
			isa = PBXNativeTarget;
			buildConfigurationList = C6CCB96B2E3F83B800AC10A2 /* Build configuration list for PBXNativeTarget "Joiefull" */;
			buildPhases = (
				C6CCB9452E3F83B700AC10A2 /* Sources */,
				C6CCB9462E3F83B700AC10A2 /* Frameworks */,
				C6CCB9472E3F83B700AC10A2 /* Resources */,
			);
			buildRules = (
			);
			dependencies = (
			);
			name = Joiefull;
			packageProductDependencies = (
			);
			productName = Joiefull;
			productReference = C6CCB9492E3F83B700AC10A2 /* Joiefull.app */;
			productType = "com.apple.product-type.application";
		};
		C6CCB9562E3F83B800AC10A2 /* JoiefullTests */ = {
			isa = PBXNativeTarget;
			buildConfigurationList = C6CCB96E2E3F83B800AC10A2 /* Build configuration list for PBXNativeTarget "JoiefullTests" */;
			buildPhases = (
				C6CCB9532E3F83B800AC10A2 /* Sources */,
				C6CCB9542E3F83B800AC10A2 /* Frameworks */,
				C6CCB9552E3F83B800AC10A2 /* Resources */,
			);
			buildRules = (
			);
			dependencies = (
				C6CCB9592E3F83B800AC10A2 /* PBXTargetDependency */,
			);
			name = JoiefullTests;
			packageProductDependencies = (
			);
			productName = JoiefullTests;
			productReference = C6CCB9572E3F83B800AC10A2 /* JoiefullTests.xctest */;
			productType = "com.apple.product-type.bundle.unit-test";
		};
		C6CCB9602E3F83B800AC10A2 /* JoiefullUITests */ = {
			isa = PBXNativeTarget;
			buildConfigurationList = C6CCB9712E3F83B800AC10A2 /* Build configuration list for PBXNativeTarget "JoiefullUITests" */;
			buildPhases = (
				C6CCB95D2E3F83B800AC10A2 /* Sources */,
				C6CCB95E2E3F83B800AC10A2 /* Frameworks */,
				C6CCB95F2E3F83B800AC10A2 /* Resources */,
			);
			buildRules = (
			);
			dependencies = (
				C6CCB9632E3F83B800AC10A2 /* PBXTargetDependency */,
			);
			name = JoiefullUITests;
			packageProductDependencies = (
			);
			productName = JoiefullUITests;
			productReference = C6CCB9612E3F83B800AC10A2 /* JoiefullUITests.xctest */;
			productType = "com.apple.product-type.bundle.ui-testing";
		};
/* End PBXNativeTarget section */

/* Begin PBXProject section */
		C6CCB9412E3F83B700AC10A2 /* Project object */ = {
			isa = PBXProject;
			attributes = {
				BuildIndependentTargetsInParallel = 1;
				LastSwiftUpdateCheck = 1640;
				LastUpgradeCheck = 1640;
				TargetAttributes = {
					C6CCB9482E3F83B700AC10A2 = {
						CreatedOnToolsVersion = 16.4;
					};
					C6CCB9562E3F83B800AC10A2 = {
						CreatedOnToolsVersion = 16.4;
						TestTargetID = C6CCB9482E3F83B700AC10A2;
					};
					C6CCB9602E3F83B800AC10A2 = {
						CreatedOnToolsVersion = 16.4;
						TestTargetID = C6CCB9482E3F83B700AC10A2;
					};
				};
			};
			buildConfigurationList = C6CCB9442E3F83B700AC10A2 /* Build configuration list for PBXProject "Joiefull" */;
			developmentRegion = fr;
			hasScannedForEncodings = 0;
			knownRegions = (
				Base,
				fr,
			);
			mainGroup = C6CCB9402E3F83B700AC10A2;
			minimizedProjectReferenceProxies = 1;
			preferredProjectObjectVersion = 77;
			productRefGroup = C6CCB94A2E3F83B700AC10A2 /* Products */;
			projectDirPath = "";
			projectRoot = "";
			targets = (
				C6CCB9482E3F83B700AC10A2 /* Joiefull */,
				C6CCB9562E3F83B800AC10A2 /* JoiefullTests */,
				C6CCB9602E3F83B800AC10A2 /* JoiefullUITests */,
			);
		};
/* End PBXProject section */

/* Begin PBXResourcesBuildPhase section */
		C6CCB9472E3F83B700AC10A2 /* Resources */ = {
			isa = PBXResourcesBuildPhase;
			buildActionMask = 2147483647;
			files = (
				C6CCB9892E3F8BBE00AC10A2 /* LaunchScreen.storyboard in Resources */,
				C6CCB9812E3F83C500AC10A2 /* Assets.xcassets in Resources */,
			);
			runOnlyForDeploymentPostprocessing = 0;
		};
		C6CCB9552E3F83B800AC10A2 /* Resources */ = {
			isa = PBXResourcesBuildPhase;
			buildActionMask = 2147483647;
			files = (
			);
			runOnlyForDeploymentPostprocessing = 0;
		};
		C6CCB95F2E3F83B800AC10A2 /* Resources */ = {
			isa = PBXResourcesBuildPhase;
			buildActionMask = 2147483647;
			files = (
			);
			runOnlyForDeploymentPostprocessing = 0;
		};
/* End PBXResourcesBuildPhase section */

/* Begin PBXSourcesBuildPhase section */
		C6CCB9452E3F83B700AC10A2 /* Sources */ = {
			isa = PBXSourcesBuildPhase;
			buildActionMask = 2147483647;
			files = (
				C6CCB99C2E3FB2AD00AC10A2 /* ProductPreview.swift in Sources */,
				C62C768E2E4E2C7900D55554 /* ProductImage.swift in Sources */,
				C62C76882E4BDD4400D55554 /* ProductDetailView.swift in Sources */,
				C6CCB9822E3F83C500AC10A2 /* HomeView.swift in Sources */,
				C640BDDB2E46949D00128701 /* ProductViewModel.swift in Sources */,
				C6CCB9982E3FAF8100AC10A2 /* ProductInfo.swift in Sources */,
				C665580C2E51069900AA8324 /* ProductRating.swift in Sources */,
				C62C768A2E4E221700D55554 /* ProductImageWithActions.swift in Sources */,
				C640BF622E47E72B00128701 /* ResponsiveSizes.swift in Sources */,
				C6CCB98E2E3FA33900AC10A2 /* ProductService.swift in Sources */,
				C62C76942E4E33EE00D55554 /* ShareButton.swift in Sources */,
				C64CBEE62E59614500FA3CA9 /* ProductList.swift in Sources */,
				C6CCB9832E3F83C500AC10A2 /* JoiefullApp.swift in Sources */,
				C62C76902E4E2DAB00D55554 /* NavigableProductImage.swift in Sources */,
				C6CCB99A2E3FB1C000AC10A2 /* LikeButton.swift in Sources */,
				C67174EF2E5390C3009F987A /* ReviewText.swift in Sources */,
				C64CBE6E2E58C8C300FA3CA9 /* DeviceEnvironment.swift in Sources */,
				C6CCB9912E3FA3E300AC10A2 /* HomeViewModel.swift in Sources */,
				C6CCB9962E3FA71700AC10A2 /* ProductRow.swift in Sources */,
				C640BD342E4688B900128701 /* HangerAnimation.swift in Sources */,
				C67174ED2E53903D009F987A /* RatingStars.swift in Sources */,
				C6CCB9942E3FA6CD00AC10A2 /* ProductItem.swift in Sources */,
				C6CCB98B2E3FA27F00AC10A2 /* Product.swift in Sources */,
			);
			runOnlyForDeploymentPostprocessing = 0;
		};
		C6CCB9532E3F83B800AC10A2 /* Sources */ = {
			isa = PBXSourcesBuildPhase;
			buildActionMask = 2147483647;
			files = (
				C6CCB9762E3F83C100AC10A2 /* DeviceEnvironmentTests.swift in Sources */,
				C6ACAA342E5AAE87008B6C63 /* ProductViewModelTests.swift in Sources */,
				C6ACAA322E5AAE72008B6C63 /* ResponsiveSizesTests.swift in Sources */,
				C6ACAA382E5AAE97008B6C63 /* ProductDecodingTests.swift in Sources */,
				C6ACAA362E5AAE8F008B6C63 /* HomeViewModelTests.swift in Sources */,
			);
			runOnlyForDeploymentPostprocessing = 0;
		};
		C6CCB95D2E3F83B800AC10A2 /* Sources */ = {
			isa = PBXSourcesBuildPhase;
			buildActionMask = 2147483647;
			files = (
				C6CCB97A2E3F83C300AC10A2 /* JoiefullUITests.swift in Sources */,
				C6CCB97B2E3F83C300AC10A2 /* JoiefullUITestsLaunchTests.swift in Sources */,
			);
			runOnlyForDeploymentPostprocessing = 0;
		};
/* End PBXSourcesBuildPhase section */

/* Begin PBXTargetDependency section */
		C6CCB9592E3F83B800AC10A2 /* PBXTargetDependency */ = {
			isa = PBXTargetDependency;
			target = C6CCB9482E3F83B700AC10A2 /* Joiefull */;
			targetProxy = C6CCB9582E3F83B800AC10A2 /* PBXContainerItemProxy */;
		};
		C6CCB9632E3F83B800AC10A2 /* PBXTargetDependency */ = {
			isa = PBXTargetDependency;
			target = C6CCB9482E3F83B700AC10A2 /* Joiefull */;
			targetProxy = C6CCB9622E3F83B800AC10A2 /* PBXContainerItemProxy */;
		};
/* End PBXTargetDependency section */

/* Begin XCBuildConfiguration section */
		C6CCB9692E3F83B800AC10A2 /* Debug */ = {
			isa = XCBuildConfiguration;
			buildSettings = {
				ALWAYS_SEARCH_USER_PATHS = NO;
				ASSETCATALOG_COMPILER_GENERATE_SWIFT_ASSET_SYMBOL_EXTENSIONS = YES;
				CLANG_ANALYZER_NONNULL = YES;
				CLANG_ANALYZER_NUMBER_OBJECT_CONVERSION = YES_AGGRESSIVE;
				CLANG_CXX_LANGUAGE_STANDARD = "gnu++20";
				CLANG_ENABLE_MODULES = YES;
				CLANG_ENABLE_OBJC_ARC = YES;
				CLANG_ENABLE_OBJC_WEAK = YES;
				CLANG_WARN_BLOCK_CAPTURE_AUTORELEASING = YES;
				CLANG_WARN_BOOL_CONVERSION = YES;
				CLANG_WARN_COMMA = YES;
				CLANG_WARN_CONSTANT_CONVERSION = YES;
				CLANG_WARN_DEPRECATED_OBJC_IMPLEMENTATIONS = YES;
				CLANG_WARN_DIRECT_OBJC_ISA_USAGE = YES_ERROR;
				CLANG_WARN_DOCUMENTATION_COMMENTS = YES;
				CLANG_WARN_EMPTY_BODY = YES;
				CLANG_WARN_ENUM_CONVERSION = YES;
				CLANG_WARN_INFINITE_RECURSION = YES;
				CLANG_WARN_INT_CONVERSION = YES;
				CLANG_WARN_NON_LITERAL_NULL_CONVERSION = YES;
				CLANG_WARN_OBJC_IMPLICIT_RETAIN_SELF = YES;
				CLANG_WARN_OBJC_LITERAL_CONVERSION = YES;
				CLANG_WARN_OBJC_ROOT_CLASS = YES_ERROR;
				CLANG_WARN_QUOTED_INCLUDE_IN_FRAMEWORK_HEADER = YES;
				CLANG_WARN_RANGE_LOOP_ANALYSIS = YES;
				CLANG_WARN_STRICT_PROTOTYPES = YES;
				CLANG_WARN_SUSPICIOUS_MOVE = YES;
				CLANG_WARN_UNGUARDED_AVAILABILITY = YES_AGGRESSIVE;
				CLANG_WARN_UNREACHABLE_CODE = YES;
				CLANG_WARN__DUPLICATE_METHOD_MATCH = YES;
				COPY_PHASE_STRIP = NO;
				DEBUG_INFORMATION_FORMAT = dwarf;
				DEVELOPMENT_TEAM = GJ746626DJ;
				ENABLE_STRICT_OBJC_MSGSEND = YES;
				ENABLE_TESTABILITY = YES;
				ENABLE_USER_SCRIPT_SANDBOXING = YES;
				GCC_C_LANGUAGE_STANDARD = gnu17;
				GCC_DYNAMIC_NO_PIC = NO;
				GCC_NO_COMMON_BLOCKS = YES;
				GCC_OPTIMIZATION_LEVEL = 0;
				GCC_PREPROCESSOR_DEFINITIONS = (
					"DEBUG=1",
					"$(inherited)",
				);
				GCC_WARN_64_TO_32_BIT_CONVERSION = YES;
				GCC_WARN_ABOUT_RETURN_TYPE = YES_ERROR;
				GCC_WARN_UNDECLARED_SELECTOR = YES;
				GCC_WARN_UNINITIALIZED_AUTOS = YES_AGGRESSIVE;
				GCC_WARN_UNUSED_FUNCTION = YES;
				GCC_WARN_UNUSED_VARIABLE = YES;
				LOCALIZATION_PREFERS_STRING_CATALOGS = YES;
				MTL_ENABLE_DEBUG_INFO = INCLUDE_SOURCE;
				MTL_FAST_MATH = YES;
				ONLY_ACTIVE_ARCH = YES;
				SWIFT_ACTIVE_COMPILATION_CONDITIONS = "DEBUG $(inherited)";
				SWIFT_OPTIMIZATION_LEVEL = "-Onone";
			};
			name = Debug;
		};
		C6CCB96A2E3F83B800AC10A2 /* Release */ = {
			isa = XCBuildConfiguration;
			buildSettings = {
				ALWAYS_SEARCH_USER_PATHS = NO;
				ASSETCATALOG_COMPILER_GENERATE_SWIFT_ASSET_SYMBOL_EXTENSIONS = YES;
				CLANG_ANALYZER_NONNULL = YES;
				CLANG_ANALYZER_NUMBER_OBJECT_CONVERSION = YES_AGGRESSIVE;
				CLANG_CXX_LANGUAGE_STANDARD = "gnu++20";
				CLANG_ENABLE_MODULES = YES;
				CLANG_ENABLE_OBJC_ARC = YES;
				CLANG_ENABLE_OBJC_WEAK = YES;
				CLANG_WARN_BLOCK_CAPTURE_AUTORELEASING = YES;
				CLANG_WARN_BOOL_CONVERSION = YES;
				CLANG_WARN_COMMA = YES;
				CLANG_WARN_CONSTANT_CONVERSION = YES;
				CLANG_WARN_DEPRECATED_OBJC_IMPLEMENTATIONS = YES;
				CLANG_WARN_DIRECT_OBJC_ISA_USAGE = YES_ERROR;
				CLANG_WARN_DOCUMENTATION_COMMENTS = YES;
				CLANG_WARN_EMPTY_BODY = YES;
				CLANG_WARN_ENUM_CONVERSION = YES;
				CLANG_WARN_INFINITE_RECURSION = YES;
				CLANG_WARN_INT_CONVERSION = YES;
				CLANG_WARN_NON_LITERAL_NULL_CONVERSION = YES;
				CLANG_WARN_OBJC_IMPLICIT_RETAIN_SELF = YES;
				CLANG_WARN_OBJC_LITERAL_CONVERSION = YES;
				CLANG_WARN_OBJC_ROOT_CLASS = YES_ERROR;
				CLANG_WARN_QUOTED_INCLUDE_IN_FRAMEWORK_HEADER = YES;
				CLANG_WARN_RANGE_LOOP_ANALYSIS = YES;
				CLANG_WARN_STRICT_PROTOTYPES = YES;
				CLANG_WARN_SUSPICIOUS_MOVE = YES;
				CLANG_WARN_UNGUARDED_AVAILABILITY = YES_AGGRESSIVE;
				CLANG_WARN_UNREACHABLE_CODE = YES;
				CLANG_WARN__DUPLICATE_METHOD_MATCH = YES;
				COPY_PHASE_STRIP = NO;
				DEBUG_INFORMATION_FORMAT = "dwarf-with-dsym";
				DEVELOPMENT_TEAM = GJ746626DJ;
				ENABLE_NS_ASSERTIONS = NO;
				ENABLE_STRICT_OBJC_MSGSEND = YES;
				ENABLE_USER_SCRIPT_SANDBOXING = YES;
				GCC_C_LANGUAGE_STANDARD = gnu17;
				GCC_NO_COMMON_BLOCKS = YES;
				GCC_WARN_64_TO_32_BIT_CONVERSION = YES;
				GCC_WARN_ABOUT_RETURN_TYPE = YES_ERROR;
				GCC_WARN_UNDECLARED_SELECTOR = YES;
				GCC_WARN_UNINITIALIZED_AUTOS = YES_AGGRESSIVE;
				GCC_WARN_UNUSED_FUNCTION = YES;
				GCC_WARN_UNUSED_VARIABLE = YES;
				LOCALIZATION_PREFERS_STRING_CATALOGS = YES;
				MTL_ENABLE_DEBUG_INFO = NO;
				MTL_FAST_MATH = YES;
				SWIFT_COMPILATION_MODE = wholemodule;
			};
			name = Release;
		};
		C6CCB96C2E3F83B800AC10A2 /* Debug */ = {
			isa = XCBuildConfiguration;
			buildSettings = {
				ASSETCATALOG_COMPILER_APPICON_NAME = AppIcon;
				ASSETCATALOG_COMPILER_GLOBAL_ACCENT_COLOR_NAME = AccentColor;
				CODE_SIGN_STYLE = Automatic;
				CURRENT_PROJECT_VERSION = 1;
				DEVELOPMENT_TEAM = GJ746626DJ;
				ENABLE_HARDENED_RUNTIME = YES;
				ENABLE_PREVIEWS = YES;
				GENERATE_INFOPLIST_FILE = YES;
				INFOPLIST_FILE = Joiefull/Info.plist;
				"INFOPLIST_KEY_UIApplicationSceneManifest_Generation[sdk=iphoneos*]" = YES;
				"INFOPLIST_KEY_UIApplicationSceneManifest_Generation[sdk=iphonesimulator*]" = YES;
				"INFOPLIST_KEY_UIApplicationSupportsIndirectInputEvents[sdk=iphoneos*]" = YES;
				"INFOPLIST_KEY_UIApplicationSupportsIndirectInputEvents[sdk=iphonesimulator*]" = YES;
				"INFOPLIST_KEY_UILaunchScreen_Generation[sdk=iphoneos*]" = YES;
				"INFOPLIST_KEY_UILaunchScreen_Generation[sdk=iphonesimulator*]" = YES;
				INFOPLIST_KEY_UILaunchStoryboardName = LaunchScreen.storyboard;
				"INFOPLIST_KEY_UIStatusBarStyle[sdk=iphoneos*]" = UIStatusBarStyleDefault;
				"INFOPLIST_KEY_UIStatusBarStyle[sdk=iphonesimulator*]" = UIStatusBarStyleDefault;
				INFOPLIST_KEY_UISupportedInterfaceOrientations_iPad = "UIInterfaceOrientationPortrait UIInterfaceOrientationPortraitUpsideDown UIInterfaceOrientationLandscapeLeft UIInterfaceOrientationLandscapeRight";
				INFOPLIST_KEY_UISupportedInterfaceOrientations_iPhone = "UIInterfaceOrientationPortrait UIInterfaceOrientationLandscapeLeft UIInterfaceOrientationLandscapeRight";
				IPHONEOS_DEPLOYMENT_TARGET = 18.5;
				LD_RUNPATH_SEARCH_PATHS = "@executable_path/Frameworks";
				"LD_RUNPATH_SEARCH_PATHS[sdk=macosx*]" = "@executable_path/../Frameworks";
				MACOSX_DEPLOYMENT_TARGET = 15.5;
				MARKETING_VERSION = 1.0;
				PRODUCT_BUNDLE_IDENTIFIER = me.jesenberger.pascal.Joiefull;
				PRODUCT_NAME = "$(TARGET_NAME)";
				REGISTER_APP_GROUPS = YES;
				SDKROOT = auto;
				SUPPORTED_PLATFORMS = "iphoneos iphonesimulator";
				SUPPORTS_MACCATALYST = NO;
				SWIFT_EMIT_LOC_STRINGS = YES;
				SWIFT_VERSION = 5.0;
				TARGETED_DEVICE_FAMILY = "1,2";
				XROS_DEPLOYMENT_TARGET = 2.5;
			};
			name = Debug;
		};
		C6CCB96D2E3F83B800AC10A2 /* Release */ = {
			isa = XCBuildConfiguration;
			buildSettings = {
				ASSETCATALOG_COMPILER_APPICON_NAME = AppIcon;
				ASSETCATALOG_COMPILER_GLOBAL_ACCENT_COLOR_NAME = AccentColor;
				CODE_SIGN_STYLE = Automatic;
				CURRENT_PROJECT_VERSION = 1;
				DEVELOPMENT_TEAM = GJ746626DJ;
				ENABLE_HARDENED_RUNTIME = YES;
				ENABLE_PREVIEWS = YES;
				GENERATE_INFOPLIST_FILE = YES;
				INFOPLIST_FILE = Joiefull/Info.plist;
				"INFOPLIST_KEY_UIApplicationSceneManifest_Generation[sdk=iphoneos*]" = YES;
				"INFOPLIST_KEY_UIApplicationSceneManifest_Generation[sdk=iphonesimulator*]" = YES;
				"INFOPLIST_KEY_UIApplicationSupportsIndirectInputEvents[sdk=iphoneos*]" = YES;
				"INFOPLIST_KEY_UIApplicationSupportsIndirectInputEvents[sdk=iphonesimulator*]" = YES;
				"INFOPLIST_KEY_UILaunchScreen_Generation[sdk=iphoneos*]" = YES;
				"INFOPLIST_KEY_UILaunchScreen_Generation[sdk=iphonesimulator*]" = YES;
				INFOPLIST_KEY_UILaunchStoryboardName = LaunchScreen.storyboard;
				"INFOPLIST_KEY_UIStatusBarStyle[sdk=iphoneos*]" = UIStatusBarStyleDefault;
				"INFOPLIST_KEY_UIStatusBarStyle[sdk=iphonesimulator*]" = UIStatusBarStyleDefault;
				INFOPLIST_KEY_UISupportedInterfaceOrientations_iPad = "UIInterfaceOrientationPortrait UIInterfaceOrientationPortraitUpsideDown UIInterfaceOrientationLandscapeLeft UIInterfaceOrientationLandscapeRight";
				INFOPLIST_KEY_UISupportedInterfaceOrientations_iPhone = "UIInterfaceOrientationPortrait UIInterfaceOrientationLandscapeLeft UIInterfaceOrientationLandscapeRight";
				IPHONEOS_DEPLOYMENT_TARGET = 18.5;
				LD_RUNPATH_SEARCH_PATHS = "@executable_path/Frameworks";
				"LD_RUNPATH_SEARCH_PATHS[sdk=macosx*]" = "@executable_path/../Frameworks";
				MACOSX_DEPLOYMENT_TARGET = 15.5;
				MARKETING_VERSION = 1.0;
				PRODUCT_BUNDLE_IDENTIFIER = me.jesenberger.pascal.Joiefull;
				PRODUCT_NAME = "$(TARGET_NAME)";
				REGISTER_APP_GROUPS = YES;
				SDKROOT = auto;
				SUPPORTED_PLATFORMS = "iphoneos iphonesimulator";
				SUPPORTS_MACCATALYST = NO;
				SWIFT_EMIT_LOC_STRINGS = YES;
				SWIFT_VERSION = 5.0;
				TARGETED_DEVICE_FAMILY = "1,2";
				XROS_DEPLOYMENT_TARGET = 2.5;
			};
			name = Release;
		};
		C6CCB96F2E3F83B800AC10A2 /* Debug */ = {
			isa = XCBuildConfiguration;
			buildSettings = {
				BUNDLE_LOADER = "$(TEST_HOST)";
				CODE_SIGN_STYLE = Automatic;
				CURRENT_PROJECT_VERSION = 1;
				DEVELOPMENT_TEAM = GJ746626DJ;
				GENERATE_INFOPLIST_FILE = YES;
				IPHONEOS_DEPLOYMENT_TARGET = 18.5;
				MACOSX_DEPLOYMENT_TARGET = 15.5;
				MARKETING_VERSION = 1.0;
				PRODUCT_BUNDLE_IDENTIFIER = me.jesenberger.pascal.JoiefullTests;
				PRODUCT_NAME = "$(TARGET_NAME)";
				SDKROOT = auto;
				SUPPORTED_PLATFORMS = "iphoneos iphonesimulator";
				SUPPORTS_MACCATALYST = NO;
				SWIFT_EMIT_LOC_STRINGS = NO;
				SWIFT_VERSION = 5.0;
				TARGETED_DEVICE_FAMILY = "1,2";
				TEST_HOST = "$(BUILT_PRODUCTS_DIR)/Joiefull.app/$(BUNDLE_EXECUTABLE_FOLDER_PATH)/Joiefull";
				XROS_DEPLOYMENT_TARGET = 2.5;
			};
			name = Debug;
		};
		C6CCB9702E3F83B800AC10A2 /* Release */ = {
			isa = XCBuildConfiguration;
			buildSettings = {
				BUNDLE_LOADER = "$(TEST_HOST)";
				CODE_SIGN_STYLE = Automatic;
				CURRENT_PROJECT_VERSION = 1;
				DEVELOPMENT_TEAM = GJ746626DJ;
				GENERATE_INFOPLIST_FILE = YES;
				IPHONEOS_DEPLOYMENT_TARGET = 18.5;
				MACOSX_DEPLOYMENT_TARGET = 15.5;
				MARKETING_VERSION = 1.0;
				PRODUCT_BUNDLE_IDENTIFIER = me.jesenberger.pascal.JoiefullTests;
				PRODUCT_NAME = "$(TARGET_NAME)";
				SDKROOT = auto;
				SUPPORTED_PLATFORMS = "iphoneos iphonesimulator";
				SUPPORTS_MACCATALYST = NO;
				SWIFT_EMIT_LOC_STRINGS = NO;
				SWIFT_VERSION = 5.0;
				TARGETED_DEVICE_FAMILY = "1,2";
				TEST_HOST = "$(BUILT_PRODUCTS_DIR)/Joiefull.app/$(BUNDLE_EXECUTABLE_FOLDER_PATH)/Joiefull";
				XROS_DEPLOYMENT_TARGET = 2.5;
			};
			name = Release;
		};
		C6CCB9722E3F83B800AC10A2 /* Debug */ = {
			isa = XCBuildConfiguration;
			buildSettings = {
				CODE_SIGN_STYLE = Automatic;
				CURRENT_PROJECT_VERSION = 1;
				DEVELOPMENT_TEAM = GJ746626DJ;
				GENERATE_INFOPLIST_FILE = YES;
				IPHONEOS_DEPLOYMENT_TARGET = 18.5;
				MACOSX_DEPLOYMENT_TARGET = 15.5;
				MARKETING_VERSION = 1.0;
				PRODUCT_BUNDLE_IDENTIFIER = me.jesenberger.pascal.JoiefullUITests;
				PRODUCT_NAME = "$(TARGET_NAME)";
				SDKROOT = auto;
				SUPPORTED_PLATFORMS = "iphoneos iphonesimulator";
				SUPPORTS_MACCATALYST = NO;
				SWIFT_EMIT_LOC_STRINGS = NO;
				SWIFT_VERSION = 5.0;
				TARGETED_DEVICE_FAMILY = "1,2";
				TEST_TARGET_NAME = Joiefull;
				XROS_DEPLOYMENT_TARGET = 2.5;
			};
			name = Debug;
		};
		C6CCB9732E3F83B800AC10A2 /* Release */ = {
			isa = XCBuildConfiguration;
			buildSettings = {
				CODE_SIGN_STYLE = Automatic;
				CURRENT_PROJECT_VERSION = 1;
				DEVELOPMENT_TEAM = GJ746626DJ;
				GENERATE_INFOPLIST_FILE = YES;
				IPHONEOS_DEPLOYMENT_TARGET = 18.5;
				MACOSX_DEPLOYMENT_TARGET = 15.5;
				MARKETING_VERSION = 1.0;
				PRODUCT_BUNDLE_IDENTIFIER = me.jesenberger.pascal.JoiefullUITests;
				PRODUCT_NAME = "$(TARGET_NAME)";
				SDKROOT = auto;
				SUPPORTED_PLATFORMS = "iphoneos iphonesimulator";
				SUPPORTS_MACCATALYST = NO;
				SWIFT_EMIT_LOC_STRINGS = NO;
				SWIFT_VERSION = 5.0;
				TARGETED_DEVICE_FAMILY = "1,2";
				TEST_TARGET_NAME = Joiefull;
				XROS_DEPLOYMENT_TARGET = 2.5;
			};
			name = Release;
		};
/* End XCBuildConfiguration section */

/* Begin XCConfigurationList section */
		C6CCB9442E3F83B700AC10A2 /* Build configuration list for PBXProject "Joiefull" */ = {
			isa = XCConfigurationList;
			buildConfigurations = (
				C6CCB9692E3F83B800AC10A2 /* Debug */,
				C6CCB96A2E3F83B800AC10A2 /* Release */,
			);
			defaultConfigurationIsVisible = 0;
			defaultConfigurationName = Release;
		};
		C6CCB96B2E3F83B800AC10A2 /* Build configuration list for PBXNativeTarget "Joiefull" */ = {
			isa = XCConfigurationList;
			buildConfigurations = (
				C6CCB96C2E3F83B800AC10A2 /* Debug */,
				C6CCB96D2E3F83B800AC10A2 /* Release */,
			);
			defaultConfigurationIsVisible = 0;
			defaultConfigurationName = Release;
		};
		C6CCB96E2E3F83B800AC10A2 /* Build configuration list for PBXNativeTarget "JoiefullTests" */ = {
			isa = XCConfigurationList;
			buildConfigurations = (
				C6CCB96F2E3F83B800AC10A2 /* Debug */,
				C6CCB9702E3F83B800AC10A2 /* Release */,
			);
			defaultConfigurationIsVisible = 0;
			defaultConfigurationName = Release;
		};
		C6CCB9712E3F83B800AC10A2 /* Build configuration list for PBXNativeTarget "JoiefullUITests" */ = {
			isa = XCConfigurationList;
			buildConfigurations = (
				C6CCB9722E3F83B800AC10A2 /* Debug */,
				C6CCB9732E3F83B800AC10A2 /* Release */,
			);
			defaultConfigurationIsVisible = 0;
			defaultConfigurationName = Release;
		};
/* End XCConfigurationList section */
	};
	rootObject = C6CCB9412E3F83B700AC10A2 /* Project object */;
}
